// !$*UTF8*$!
{
	archiveVersion = 1;
	classes = {
	};
	objectVersion = 46;
	objects = {

/* Begin PBXBuildFile section */
		EEA9855F189359400098262F /* Foundation.framework in Frameworks */ = {isa = PBXBuildFile; fileRef = EEA9855E189359400098262F /* Foundation.framework */; };
		EEA98561189359400098262F /* CoreGraphics.framework in Frameworks */ = {isa = PBXBuildFile; fileRef = EEA98560189359400098262F /* CoreGraphics.framework */; };
		EEA98563189359400098262F /* UIKit.framework in Frameworks */ = {isa = PBXBuildFile; fileRef = EEA98562189359400098262F /* UIKit.framework */; };
		EEA98569189359400098262F /* InfoPlist.strings in Resources */ = {isa = PBXBuildFile; fileRef = EEA98567189359400098262F /* InfoPlist.strings */; };
		EEA9856B189359400098262F /* main.m in Sources */ = {isa = PBXBuildFile; fileRef = EEA9856A189359400098262F /* main.m */; };
		EEA9856F189359400098262F /* UtsaCsAppDelegate.m in Sources */ = {isa = PBXBuildFile; fileRef = EEA9856E189359400098262F /* UtsaCsAppDelegate.m */; };
		EEA98572189359400098262F /* Main.storyboard in Resources */ = {isa = PBXBuildFile; fileRef = EEA98570189359400098262F /* Main.storyboard */; };
		EEA98575189359400098262F /* UtsaCsViewController.m in Sources */ = {isa = PBXBuildFile; fileRef = EEA98574189359400098262F /* UtsaCsViewController.m */; };
		EEA98577189359400098262F /* Images.xcassets in Resources */ = {isa = PBXBuildFile; fileRef = EEA98576189359400098262F /* Images.xcassets */; };
		EEA9857E189359410098262F /* XCTest.framework in Frameworks */ = {isa = PBXBuildFile; fileRef = EEA9857D189359410098262F /* XCTest.framework */; };
		EEA9857F189359410098262F /* Foundation.framework in Frameworks */ = {isa = PBXBuildFile; fileRef = EEA9855E189359400098262F /* Foundation.framework */; };
		EEA98580189359410098262F /* UIKit.framework in Frameworks */ = {isa = PBXBuildFile; fileRef = EEA98562189359400098262F /* UIKit.framework */; };
		EEA98588189359410098262F /* InfoPlist.strings in Resources */ = {isa = PBXBuildFile; fileRef = EEA98586189359410098262F /* InfoPlist.strings */; };
		EEA9858A189359410098262F /* UTSA_Computer_ScienceTests.m in Sources */ = {isa = PBXBuildFile; fileRef = EEA98589189359410098262F /* UTSA_Computer_ScienceTests.m */; };
/* End PBXBuildFile section */

/* Begin PBXContainerItemProxy section */
		EEA98581189359410098262F /* PBXContainerItemProxy */ = {
			isa = PBXContainerItemProxy;
			containerPortal = EEA98553189359400098262F /* Project object */;
			proxyType = 1;
			remoteGlobalIDString = EEA9855A189359400098262F;
			remoteInfo = "UTSA Computer Science";
		};
/* End PBXContainerItemProxy section */

/* Begin PBXFileReference section */
		EEA9855B189359400098262F /* UTSA Computer Science.app */ = {isa = PBXFileReference; explicitFileType = wrapper.application; includeInIndex = 0; path = "UTSA Computer Science.app"; sourceTree = BUILT_PRODUCTS_DIR; };
		EEA9855E189359400098262F /* Foundation.framework */ = {isa = PBXFileReference; lastKnownFileType = wrapper.framework; name = Foundation.framework; path = System/Library/Frameworks/Foundation.framework; sourceTree = SDKROOT; };
		EEA98560189359400098262F /* CoreGraphics.framework */ = {isa = PBXFileReference; lastKnownFileType = wrapper.framework; name = CoreGraphics.framework; path = System/Library/Frameworks/CoreGraphics.framework; sourceTree = SDKROOT; };
		EEA98562189359400098262F /* UIKit.framework */ = {isa = PBXFileReference; lastKnownFileType = wrapper.framework; name = UIKit.framework; path = System/Library/Frameworks/UIKit.framework; sourceTree = SDKROOT; };
		EEA98566189359400098262F /* UTSA Computer Science-Info.plist */ = {isa = PBXFileReference; lastKnownFileType = text.plist.xml; path = "UTSA Computer Science-Info.plist"; sourceTree = "<group>"; };
		EEA98568189359400098262F /* en */ = {isa = PBXFileReference; lastKnownFileType = text.plist.strings; name = en; path = en.lproj/InfoPlist.strings; sourceTree = "<group>"; };
		EEA9856A189359400098262F /* main.m */ = {isa = PBXFileReference; lastKnownFileType = sourcecode.c.objc; path = main.m; sourceTree = "<group>"; };
		EEA9856C189359400098262F /* UTSA Computer Science-Prefix.pch */ = {isa = PBXFileReference; lastKnownFileType = sourcecode.c.h; path = "UTSA Computer Science-Prefix.pch"; sourceTree = "<group>"; };
		EEA9856D189359400098262F /* UtsaCsAppDelegate.h */ = {isa = PBXFileReference; lastKnownFileType = sourcecode.c.h; path = UtsaCsAppDelegate.h; sourceTree = "<group>"; };
		EEA9856E189359400098262F /* UtsaCsAppDelegate.m */ = {isa = PBXFileReference; lastKnownFileType = sourcecode.c.objc; path = UtsaCsAppDelegate.m; sourceTree = "<group>"; };
		EEA98571189359400098262F /* Base */ = {isa = PBXFileReference; lastKnownFileType = file.storyboard; name = Base; path = Base.lproj/Main.storyboard; sourceTree = "<group>"; };
		EEA98573189359400098262F /* UtsaCsViewController.h */ = {isa = PBXFileReference; lastKnownFileType = sourcecode.c.h; path = UtsaCsViewController.h; sourceTree = "<group>"; };
		EEA98574189359400098262F /* UtsaCsViewController.m */ = {isa = PBXFileReference; lastKnownFileType = sourcecode.c.objc; path = UtsaCsViewController.m; sourceTree = "<group>"; };
		EEA98576189359400098262F /* Images.xcassets */ = {isa = PBXFileReference; lastKnownFileType = folder.assetcatalog; path = Images.xcassets; sourceTree = "<group>"; };
		EEA9857C189359410098262F /* UTSA Computer ScienceTests.xctest */ = {isa = PBXFileReference; explicitFileType = wrapper.cfbundle; includeInIndex = 0; path = "UTSA Computer ScienceTests.xctest"; sourceTree = BUILT_PRODUCTS_DIR; };
		EEA9857D189359410098262F /* XCTest.framework */ = {isa = PBXFileReference; lastKnownFileType = wrapper.framework; name = XCTest.framework; path = Library/Frameworks/XCTest.framework; sourceTree = DEVELOPER_DIR; };
		EEA98585189359410098262F /* UTSA Computer ScienceTests-Info.plist */ = {isa = PBXFileReference; lastKnownFileType = text.plist.xml; path = "UTSA Computer ScienceTests-Info.plist"; sourceTree = "<group>"; };
		EEA98587189359410098262F /* en */ = {isa = PBXFileReference; lastKnownFileType = text.plist.strings; name = en; path = en.lproj/InfoPlist.strings; sourceTree = "<group>"; };
		EEA98589189359410098262F /* UTSA_Computer_ScienceTests.m */ = {isa = PBXFileReference; lastKnownFileType = sourcecode.c.objc; path = UTSA_Computer_ScienceTests.m; sourceTree = "<group>"; };
/* End PBXFileReference section */

/* Begin PBXFrameworksBuildPhase section */
		EEA98558189359400098262F /* Frameworks */ = {
			isa = PBXFrameworksBuildPhase;
			buildActionMask = 2147483647;
			files = (
				EEA98561189359400098262F /* CoreGraphics.framework in Frameworks */,
				EEA98563189359400098262F /* UIKit.framework in Frameworks */,
				EEA9855F189359400098262F /* Foundation.framework in Frameworks */,
			);
			runOnlyForDeploymentPostprocessing = 0;
		};
		EEA98579189359410098262F /* Frameworks */ = {
			isa = PBXFrameworksBuildPhase;
			buildActionMask = 2147483647;
			files = (
				EEA9857E189359410098262F /* XCTest.framework in Frameworks */,
				EEA98580189359410098262F /* UIKit.framework in Frameworks */,
				EEA9857F189359410098262F /* Foundation.framework in Frameworks */,
			);
			runOnlyForDeploymentPostprocessing = 0;
		};
/* End PBXFrameworksBuildPhase section */

/* Begin PBXGroup section */
		EEA98552189359400098262F = {
			isa = PBXGroup;
			children = (
				EEA98564189359400098262F /* UTSA Computer Science */,
				EEA98583189359410098262F /* UTSA Computer ScienceTests */,
				EEA9855D189359400098262F /* Frameworks */,
				EEA9855C189359400098262F /* Products */,
			);
			sourceTree = "<group>";
		};
		EEA9855C189359400098262F /* Products */ = {
			isa = PBXGroup;
			children = (
				EEA9855B189359400098262F /* UTSA Computer Science.app */,
				EEA9857C189359410098262F /* UTSA Computer ScienceTests.xctest */,
			);
			name = Products;
			sourceTree = "<group>";
		};
		EEA9855D189359400098262F /* Frameworks */ = {
			isa = PBXGroup;
			children = (
				EEA9855E189359400098262F /* Foundation.framework */,
				EEA98560189359400098262F /* CoreGraphics.framework */,
				EEA98562189359400098262F /* UIKit.framework */,
				EEA9857D189359410098262F /* XCTest.framework */,
			);
			name = Frameworks;
			sourceTree = "<group>";
		};
		EEA98564189359400098262F /* UTSA Computer Science */ = {
			isa = PBXGroup;
			children = (
				EEA9856D189359400098262F /* UtsaCsAppDelegate.h */,
				EEA9856E189359400098262F /* UtsaCsAppDelegate.m */,
				EEA98570189359400098262F /* Main.storyboard */,
				EEA98573189359400098262F /* UtsaCsViewController.h */,
				EEA98574189359400098262F /* UtsaCsViewController.m */,
				EEA98576189359400098262F /* Images.xcassets */,
				EEA98565189359400098262F /* Supporting Files */,
			);
			path = "UTSA Computer Science";
			sourceTree = "<group>";
		};
		EEA98565189359400098262F /* Supporting Files */ = {
			isa = PBXGroup;
			children = (
				EEA98566189359400098262F /* UTSA Computer Science-Info.plist */,
				EEA98567189359400098262F /* InfoPlist.strings */,
				EEA9856A189359400098262F /* main.m */,
				EEA9856C189359400098262F /* UTSA Computer Science-Prefix.pch */,
			);
			name = "Supporting Files";
			sourceTree = "<group>";
		};
		EEA98583189359410098262F /* UTSA Computer ScienceTests */ = {
			isa = PBXGroup;
			children = (
				EEA98589189359410098262F /* UTSA_Computer_ScienceTests.m */,
				EEA98584189359410098262F /* Supporting Files */,
			);
			path = "UTSA Computer ScienceTests";
			sourceTree = "<group>";
		};
		EEA98584189359410098262F /* Supporting Files */ = {
			isa = PBXGroup;
			children = (
				EEA98585189359410098262F /* UTSA Computer ScienceTests-Info.plist */,
				EEA98586189359410098262F /* InfoPlist.strings */,
			);
			name = "Supporting Files";
			sourceTree = "<group>";
		};
/* End PBXGroup section */

/* Begin PBXNativeTarget section */
		EEA9855A189359400098262F /* UTSA Computer Science */ = {
			isa = PBXNativeTarget;
			buildConfigurationList = EEA9858D189359410098262F /* Build configuration list for PBXNativeTarget "UTSA Computer Science" */;
			buildPhases = (
				EEA98557189359400098262F /* Sources */,
				EEA98558189359400098262F /* Frameworks */,
				EEA98559189359400098262F /* Resources */,
			);
			buildRules = (
			);
			dependencies = (
			);
			name = "UTSA Computer Science";
			productName = "UTSA Computer Science";
			productReference = EEA9855B189359400098262F /* UTSA Computer Science.app */;
			productType = "com.apple.product-type.application";
		};
		EEA9857B189359410098262F /* UTSA Computer ScienceTests */ = {
			isa = PBXNativeTarget;
			buildConfigurationList = EEA98590189359410098262F /* Build configuration list for PBXNativeTarget "UTSA Computer ScienceTests" */;
			buildPhases = (
				EEA98578189359410098262F /* Sources */,
				EEA98579189359410098262F /* Frameworks */,
				EEA9857A189359410098262F /* Resources */,
			);
			buildRules = (
			);
			dependencies = (
				EEA98582189359410098262F /* PBXTargetDependency */,
			);
			name = "UTSA Computer ScienceTests";
			productName = "UTSA Computer ScienceTests";
			productReference = EEA9857C189359410098262F /* UTSA Computer ScienceTests.xctest */;
			productType = "com.apple.product-type.bundle.unit-test";
		};
/* End PBXNativeTarget section */

/* Begin PBXProject section */
		EEA98553189359400098262F /* Project object */ = {
			isa = PBXProject;
			attributes = {
				CLASSPREFIX = UtsaCs;
				LastUpgradeCheck = 0500;
				ORGANIZATIONNAME = "University of Texas at San Antonio";
				TargetAttributes = {
					EEA9857B189359410098262F = {
						TestTargetID = EEA9855A189359400098262F;
					};
				};
			};
			buildConfigurationList = EEA98556189359400098262F /* Build configuration list for PBXProject "UTSA Computer Science" */;
			compatibilityVersion = "Xcode 3.2";
			developmentRegion = English;
			hasScannedForEncodings = 0;
			knownRegions = (
				en,
				Base,
			);
			mainGroup = EEA98552189359400098262F;
			productRefGroup = EEA9855C189359400098262F /* Products */;
			projectDirPath = "";
			projectRoot = "";
			targets = (
				EEA9855A189359400098262F /* UTSA Computer Science */,
				EEA9857B189359410098262F /* UTSA Computer ScienceTests */,
			);
		};
/* End PBXProject section */

/* Begin PBXResourcesBuildPhase section */
		EEA98559189359400098262F /* Resources */ = {
			isa = PBXResourcesBuildPhase;
			buildActionMask = 2147483647;
			files = (
				EEA98577189359400098262F /* Images.xcassets in Resources */,
				EEA98569189359400098262F /* InfoPlist.strings in Resources */,
				EEA98572189359400098262F /* Main.storyboard in Resources */,
			);
			runOnlyForDeploymentPostprocessing = 0;
		};
		EEA9857A189359410098262F /* Resources */ = {
			isa = PBXResourcesBuildPhase;
			buildActionMask = 2147483647;
			files = (
				EEA98588189359410098262F /* InfoPlist.strings in Resources */,
			);
			runOnlyForDeploymentPostprocessing = 0;
		};
/* End PBXResourcesBuildPhase section */

/* Begin PBXSourcesBuildPhase section */
		EEA98557189359400098262F /* Sources */ = {
			isa = PBXSourcesBuildPhase;
			buildActionMask = 2147483647;
			files = (
				EEA9856B189359400098262F /* main.m in Sources */,
				EEA98575189359400098262F /* UtsaCsViewController.m in Sources */,
				EEA9856F189359400098262F /* UtsaCsAppDelegate.m in Sources */,
			);
			runOnlyForDeploymentPostprocessing = 0;
		};
		EEA98578189359410098262F /* Sources */ = {
			isa = PBXSourcesBuildPhase;
			buildActionMask = 2147483647;
			files = (
				EEA9858A189359410098262F /* UTSA_Computer_ScienceTests.m in Sources */,
			);
			runOnlyForDeploymentPostprocessing = 0;
		};
/* End PBXSourcesBuildPhase section */

/* Begin PBXTargetDependency section */
		EEA98582189359410098262F /* PBXTargetDependency */ = {
			isa = PBXTargetDependency;
			target = EEA9855A189359400098262F /* UTSA Computer Science */;
			targetProxy = EEA98581189359410098262F /* PBXContainerItemProxy */;
		};
/* End PBXTargetDependency section */

/* Begin PBXVariantGroup section */
		EEA98567189359400098262F /* InfoPlist.strings */ = {
			isa = PBXVariantGroup;
			children = (
				EEA98568189359400098262F /* en */,
			);
			name = InfoPlist.strings;
			sourceTree = "<group>";
		};
		EEA98570189359400098262F /* Main.storyboard */ = {
			isa = PBXVariantGroup;
			children = (
				EEA98571189359400098262F /* Base */,
			);
			name = Main.storyboard;
			sourceTree = "<group>";
		};
		EEA98586189359410098262F /* InfoPlist.strings */ = {
			isa = PBXVariantGroup;
			children = (
				EEA98587189359410098262F /* en */,
			);
			name = InfoPlist.strings;
			sourceTree = "<group>";
		};
/* End PBXVariantGroup section */

/* Begin XCBuildConfiguration section */
		EEA9858B189359410098262F /* Debug */ = {
			isa = XCBuildConfiguration;
			buildSettings = {
				ALWAYS_SEARCH_USER_PATHS = NO;
				ARCHS = "$(ARCHS_STANDARD_INCLUDING_64_BIT)";
				CLANG_CXX_LANGUAGE_STANDARD = "gnu++0x";
				CLANG_CXX_LIBRARY = "libc++";
				CLANG_ENABLE_MODULES = YES;
				CLANG_ENABLE_OBJC_ARC = YES;
				CLANG_WARN_BOOL_CONVERSION = YES;
				CLANG_WARN_CONSTANT_CONVERSION = YES;
				CLANG_WARN_DIRECT_OBJC_ISA_USAGE = YES_ERROR;
				CLANG_WARN_EMPTY_BODY = YES;
				CLANG_WARN_ENUM_CONVERSION = YES;
				CLANG_WARN_INT_CONVERSION = YES;
				CLANG_WARN_OBJC_ROOT_CLASS = YES_ERROR;
				CLANG_WARN__DUPLICATE_METHOD_MATCH = YES;
				"CODE_SIGN_IDENTITY[sdk=iphoneos*]" = "iPhone Developer";
				COPY_PHASE_STRIP = NO;
				GCC_C_LANGUAGE_STANDARD = gnu99;
				GCC_DYNAMIC_NO_PIC = NO;
				GCC_OPTIMIZATION_LEVEL = 0;
				GCC_PREPROCESSOR_DEFINITIONS = (
					"DEBUG=1",
					"$(inherited)",
				);
				GCC_SYMBOLS_PRIVATE_EXTERN = NO;
				GCC_WARN_64_TO_32_BIT_CONVERSION = YES;
				GCC_WARN_ABOUT_RETURN_TYPE = YES_ERROR;
				GCC_WARN_UNDECLARED_SELECTOR = YES;
				GCC_WARN_UNINITIALIZED_AUTOS = YES;
				GCC_WARN_UNUSED_FUNCTION = YES;
				GCC_WARN_UNUSED_VARIABLE = YES;
				IPHONEOS_DEPLOYMENT_TARGET = 7.0;
				ONLY_ACTIVE_ARCH = YES;
				SDKROOT = iphoneos;
			};
			name = Debug;
		};
		EEA9858C189359410098262F /* Release */ = {
			isa = XCBuildConfiguration;
			buildSettings = {
				ALWAYS_SEARCH_USER_PATHS = NO;
				ARCHS = "$(ARCHS_STANDARD_INCLUDING_64_BIT)";
				CLANG_CXX_LANGUAGE_STANDARD = "gnu++0x";
				CLANG_CXX_LIBRARY = "libc++";
				CLANG_ENABLE_MODULES = YES;
				CLANG_ENABLE_OBJC_ARC = YES;
				CLANG_WARN_BOOL_CONVERSION = YES;
				CLANG_WARN_CONSTANT_CONVERSION = YES;
				CLANG_WARN_DIRECT_OBJC_ISA_USAGE = YES_ERROR;
				CLANG_WARN_EMPTY_BODY = YES;
				CLANG_WARN_ENUM_CONVERSION = YES;
				CLANG_WARN_INT_CONVERSION = YES;
				CLANG_WARN_OBJC_ROOT_CLASS = YES_ERROR;
				CLANG_WARN__DUPLICATE_METHOD_MATCH = YES;
				"CODE_SIGN_IDENTITY[sdk=iphoneos*]" = "iPhone Developer";
				COPY_PHASE_STRIP = YES;
				ENABLE_NS_ASSERTIONS = NO;
				GCC_C_LANGUAGE_STANDARD = gnu99;
				GCC_WARN_64_TO_32_BIT_CONVERSION = YES;
				GCC_WARN_ABOUT_RETURN_TYPE = YES_ERROR;
				GCC_WARN_UNDECLARED_SELECTOR = YES;
				GCC_WARN_UNINITIALIZED_AUTOS = YES;
				GCC_WARN_UNUSED_FUNCTION = YES;
				GCC_WARN_UNUSED_VARIABLE = YES;
				IPHONEOS_DEPLOYMENT_TARGET = 7.0;
				SDKROOT = iphoneos;
				VALIDATE_PRODUCT = YES;
			};
			name = Release;
		};
		EEA9858E189359410098262F /* Debug */ = {
			isa = XCBuildConfiguration;
			buildSettings = {
				ASSETCATALOG_COMPILER_APPICON_NAME = AppIcon;
				ASSETCATALOG_COMPILER_LAUNCHIMAGE_NAME = LaunchImage;
				GCC_PRECOMPILE_PREFIX_HEADER = YES;
				GCC_PREFIX_HEADER = "UTSA Computer Science/UTSA Computer Science-Prefix.pch";
				INFOPLIST_FILE = "UTSA Computer Science/UTSA Computer Science-Info.plist";
				PRODUCT_NAME = "$(TARGET_NAME)";
				WRAPPER_EXTENSION = app;
			};
			name = Debug;
		};
		EEA9858F189359410098262F /* Release */ = {
			isa = XCBuildConfiguration;
			buildSettings = {
				ASSETCATALOG_COMPILER_APPICON_NAME = AppIcon;
				ASSETCATALOG_COMPILER_LAUNCHIMAGE_NAME = LaunchImage;
				GCC_PRECOMPILE_PREFIX_HEADER = YES;
				GCC_PREFIX_HEADER = "UTSA Computer Science/UTSA Computer Science-Prefix.pch";
				INFOPLIST_FILE = "UTSA Computer Science/UTSA Computer Science-Info.plist";
				PRODUCT_NAME = "$(TARGET_NAME)";
				WRAPPER_EXTENSION = app;
			};
			name = Release;
		};
		EEA98591189359410098262F /* Debug */ = {
			isa = XCBuildConfiguration;
			buildSettings = {
				ARCHS = "$(ARCHS_STANDARD_INCLUDING_64_BIT)";
				BUNDLE_LOADER = "$(BUILT_PRODUCTS_DIR)/UTSA Computer Science.app/UTSA Computer Science";
				FRAMEWORK_SEARCH_PATHS = (
					"$(SDKROOT)/Developer/Library/Frameworks",
					"$(inherited)",
					"$(DEVELOPER_FRAMEWORKS_DIR)",
				);
				GCC_PRECOMPILE_PREFIX_HEADER = YES;
				GCC_PREFIX_HEADER = "UTSA Computer Science/UTSA Computer Science-Prefix.pch";
				GCC_PREPROCESSOR_DEFINITIONS = (
					"DEBUG=1",
					"$(inherited)",
				);
				INFOPLIST_FILE = "UTSA Computer ScienceTests/UTSA Computer ScienceTests-Info.plist";
				PRODUCT_NAME = "$(TARGET_NAME)";
				TEST_HOST = "$(BUNDLE_LOADER)";
				WRAPPER_EXTENSION = xctest;
			};
			name = Debug;
		};
		EEA98592189359410098262F /* Release */ = {
			isa = XCBuildConfiguration;
			buildSettings = {
				ARCHS = "$(ARCHS_STANDARD_INCLUDING_64_BIT)";
				BUNDLE_LOADER = "$(BUILT_PRODUCTS_DIR)/UTSA Computer Science.app/UTSA Computer Science";
				FRAMEWORK_SEARCH_PATHS = (
					"$(SDKROOT)/Developer/Library/Frameworks",
					"$(inherited)",
					"$(DEVELOPER_FRAMEWORKS_DIR)",
				);
				GCC_PRECOMPILE_PREFIX_HEADER = YES;
				GCC_PREFIX_HEADER = "UTSA Computer Science/UTSA Computer Science-Prefix.pch";
				INFOPLIST_FILE = "UTSA Computer ScienceTests/UTSA Computer ScienceTests-Info.plist";
				PRODUCT_NAME = "$(TARGET_NAME)";
				TEST_HOST = "$(BUNDLE_LOADER)";
				WRAPPER_EXTENSION = xctest;
			};
			name = Release;
		};
/* End XCBuildConfiguration section */

/* Begin XCConfigurationList section */
		EEA98556189359400098262F /* Build configuration list for PBXProject "UTSA Computer Science" */ = {
			isa = XCConfigurationList;
			buildConfigurations = (
				EEA9858B189359410098262F /* Debug */,
				EEA9858C189359410098262F /* Release */,
			);
			defaultConfigurationIsVisible = 0;
			defaultConfigurationName = Release;
		};
		EEA9858D189359410098262F /* Build configuration list for PBXNativeTarget "UTSA Computer Science" */ = {
			isa = XCConfigurationList;
			buildConfigurations = (
				EEA9858E189359410098262F /* Debug */,
				EEA9858F189359410098262F /* Release */,
			);
			defaultConfigurationIsVisible = 0;
		};
		EEA98590189359410098262F /* Build configuration list for PBXNativeTarget "UTSA Computer ScienceTests" */ = {
			isa = XCConfigurationList;
			buildConfigurations = (
				EEA98591189359410098262F /* Debug */,
				EEA98592189359410098262F /* Release */,
			);
			defaultConfigurationIsVisible = 0;
		};
/* End XCConfigurationList section */
	};
	rootObject = EEA98553189359400098262F /* Project object */;
}
